
Microsoft Visual Studio Solution File, Format Version 12.00
# Visual Studio Version 17
VisualStudioVersion = 17.2.32616.157
MinimumVisualStudioVersion = 10.0.40219.1
Project("{FAE04EC0-301F-11D3-BF4B-00C04F79EFBC}") = "API-piments", "API-piment\API-piments.csproj", "{BC10A9C6-8F4C-449B-9257-B907F04809B3}"
EndProject
Project("{00D1A9C2-B5F0-4AF3-8072-F6C62B433612}") = "DB-piments", "DB-piments\DB-piments.sqlproj", "{965CC56D-F8EC-492A-B0AC-E7469A893D9B}"
EndProject
Global
	GlobalSection(SolutionConfigurationPlatforms) = preSolution
		Debug|Any CPU = Debug|Any CPU
		Release|Any CPU = Release|Any CPU
	EndGlobalSection
	GlobalSection(ProjectConfigurationPlatforms) = postSolution
		{BC10A9C6-8F4C-449B-9257-B907F04809B3}.Debug|Any CPU.ActiveCfg = Debug|Any CPU
		{BC10A9C6-8F4C-449B-9257-B907F04809B3}.Debug|Any CPU.Build.0 = Debug|Any CPU
		{BC10A9C6-8F4C-449B-9257-B907F04809B3}.Release|Any CPU.ActiveCfg = Release|Any CPU
		{BC10A9C6-8F4C-449B-9257-B907F04809B3}.Release|Any CPU.Build.0 = Release|Any CPU
		{965CC56D-F8EC-492A-B0AC-E7469A893D9B}.Debug|Any CPU.ActiveCfg = Debug|Any CPU
		{965CC56D-F8EC-492A-B0AC-E7469A893D9B}.Debug|Any CPU.Build.0 = Debug|Any CPU
		{965CC56D-F8EC-492A-B0AC-E7469A893D9B}.Debug|Any CPU.Deploy.0 = Debug|Any CPU
		{965CC56D-F8EC-492A-B0AC-E7469A893D9B}.Release|Any CPU.ActiveCfg = Release|Any CPU
		{965CC56D-F8EC-492A-B0AC-E7469A893D9B}.Release|Any CPU.Build.0 = Release|Any CPU
		{965CC56D-F8EC-492A-B0AC-E7469A893D9B}.Release|Any CPU.Deploy.0 = Release|Any CPU
	EndGlobalSection
	GlobalSection(SolutionProperties) = preSolution
		HideSolutionNode = FALSE
	EndGlobalSection
	GlobalSection(ExtensibilityGlobals) = postSolution
		SolutionGuid = {4A19A1BB-BC94-46B3-805E-4438FDC34245}
	EndGlobalSection
EndGlobal
